
Microsoft Visual Studio Solution File, Format Version 12.00
# Visual Studio Version 17
VisualStudioVersion = 17.0.32126.317
MinimumVisualStudioVersion = 10.0.40219.1
Project("{9A19103F-16F7-4668-BE54-9A1E7A4F7556}") = "AtomicCore", "AtomicCore\AtomicCore.csproj", "{BBD9F726-4A9D-4525-8388-5211CCDDC0FE}"
EndProject
Project("{2150E333-8FDC-42A3-9474-1A3956D46DE8}") = "Source", "Source", "{AC8D0699-48E5-484C-A64D-052945EFC20F}"
EndProject
Project("{2150E333-8FDC-42A3-9474-1A3956D46DE8}") = "TestPros", "TestPros", "{35F57B42-FA48-4D50-8B93-C0C49BA67BD2}"
EndProject
Project("{9A19103F-16F7-4668-BE54-9A1E7A4F7556}") = "AtomicCore.Integration.MssqlDbProvider", "AtomicCore.Integration.MssqlDbProvider\AtomicCore.Integration.MssqlDbProvider.csproj", "{A46B9CFF-923B-467E-9A4A-9D4F51EBB43A}"
EndProject
Project("{9A19103F-16F7-4668-BE54-9A1E7A4F7556}") = "AtomicCore.Integration.MssqlDbProviderUnitTest", "AtomicCore.Integration.MssqlDbProviderUnitTest\AtomicCore.Integration.MssqlDbProviderUnitTest.csproj", "{592B1E6E-3AD7-46DB-8CC1-9AE50A0CA5FE}"
EndProject
Project("{9A19103F-16F7-4668-BE54-9A1E7A4F7556}") = "AtomicCore.Integration.MysqlDbProvider", "AtomicCore.Integration.MysqlDbProvider\AtomicCore.Integration.MysqlDbProvider.csproj", "{4908441D-3828-4B39-A499-9666CDA4361E}"
EndProject
Project("{9A19103F-16F7-4668-BE54-9A1E7A4F7556}") = "AtomicCore.Integration.MysqlDbProviderUnitTest", "AtomicCore.Integration.MysqlDbProviderUnitTest\AtomicCore.Integration.MysqlDbProviderUnitTest.csproj", "{32D7DAD5-DB8E-4B3B-BC8A-B33C84ED4712}"
EndProject
Project("{2150E333-8FDC-42A3-9474-1A3956D46DE8}") = "IOStorage", "IOStorage", "{2B525525-AA5C-4B1E-961A-EB384AC512D3}"
EndProject
Project("{9A19103F-16F7-4668-BE54-9A1E7A4F7556}") = "AtomicCore.IOStorage.Core", "AtomicCore.IOStorage.Core\AtomicCore.IOStorage.Core.csproj", "{892D51D3-732B-44C9-8DA9-C7112F5369D7}"
EndProject
Project("{9A19103F-16F7-4668-BE54-9A1E7A4F7556}") = "AtomicCore.IOStorage.StoragePort", "AtomicCore.IOStorage.StoragePort\AtomicCore.IOStorage.StoragePort.csproj", "{A67CAF65-F4F9-4437-877C-67F159717958}"
EndProject
Project("{9A19103F-16F7-4668-BE54-9A1E7A4F7556}") = "AtomicCore.IOStorage.CoreUnitTest", "AtomicCore.IOStorage.CoreUnitTest\AtomicCore.IOStorage.CoreUnitTest.csproj", "{7E0D0781-69FB-41EC-856F-0A974A759513}"
EndProject
Project("{2150E333-8FDC-42A3-9474-1A3956D46DE8}") = "Socket", "Socket", "{A47AB5F1-C4C7-401E-AD2D-A43B83EE2221}"
EndProject
Project("{9A19103F-16F7-4668-BE54-9A1E7A4F7556}") = "AtomicCore.SocketIO.Emitter", "AtomicCore.SocketIO.Emitter\AtomicCore.SocketIO.Emitter.csproj", "{BB315B50-9773-48BE-98D3-003B43C2F489}"
EndProject
Project("{2150E333-8FDC-42A3-9474-1A3956D46DE8}") = "BlockChain", "BlockChain", "{5E75EB7D-DC21-47DF-9299-5D0F653D87C2}"
EndProject
Project("{9A19103F-16F7-4668-BE54-9A1E7A4F7556}") = "AtomicCore.BlockChain.EtherscanAPI", "AtomicCore.BlockChain.EtherscanAPI\AtomicCore.BlockChain.EtherscanAPI.csproj", "{7BD0E343-D20F-4CE6-8A8D-1FA509435FDA}"
EndProject
Project("{9A19103F-16F7-4668-BE54-9A1E7A4F7556}") = "AtomicCore.BlockChain.EtherscanAPIUnitTest", "AtomicCore.BlockChain.EtherscanAPIUnitTest\AtomicCore.BlockChain.EtherscanAPIUnitTest.csproj", "{72D417A3-E669-4E4F-BB07-BC6329223E94}"
EndProject
Project("{9A19103F-16F7-4668-BE54-9A1E7A4F7556}") = "AtomicCore.BlockChain.TronscanAPI", "AtomicCore.BlockChain.TronscanAPI\AtomicCore.BlockChain.TronscanAPI.csproj", "{48646D4A-54F8-4FB3-9319-2B3AFA311E8E}"
EndProject
Project("{9A19103F-16F7-4668-BE54-9A1E7A4F7556}") = "AtomicCore.BlockChain.TronscanAPIUnitTest", "AtomicCore.BlockChain.TronscanAPIUnitTest\AtomicCore.BlockChain.TronscanAPIUnitTest.csproj", "{8696237D-FAA0-44FF-A424-A57DC80447B1}"
EndProject
Project("{9A19103F-16F7-4668-BE54-9A1E7A4F7556}") = "AtomicCore.BlockChain.TronNet", "AtomicCore.BlockChain.TronNet\AtomicCore.BlockChain.TronNet.csproj", "{64F31BE3-366A-42F2-813F-FD37BB75DCD5}"
EndProject
Project("{9A19103F-16F7-4668-BE54-9A1E7A4F7556}") = "AtomicCore.BlockChain.TronNetUnitTest", "AtomicCore.BlockChain.TronNetUnitTest\AtomicCore.BlockChain.TronNetUnitTest.csproj", "{D733B8A6-6BFC-4C98-9C1E-9811C03784AD}"
EndProject
Project("{9A19103F-16F7-4668-BE54-9A1E7A4F7556}") = "AtomicCore.BlockChain.OMNINet", "AtomicCore.BlockChain.OMNINet\AtomicCore.BlockChain.OMNINet.csproj", "{E55EC706-1FF0-4BB1-9D78-8D997BE8DF88}"
EndProject
Project("{9A19103F-16F7-4668-BE54-9A1E7A4F7556}") = "AtomicCore.BlockChain.OMNINetUnitTest", "AtomicCore.BlockChain.OMNINetUnitTest\AtomicCore.BlockChain.OMNINetUnitTest.csproj", "{5F5566E7-3160-437C-9C56-C0AD4907F320}"
EndProject
Project("{9A19103F-16F7-4668-BE54-9A1E7A4F7556}") = "AtomicCore.BlockChain.OmniscanAPI", "AtomicCore.BlockChain.OmniscanAPI\AtomicCore.BlockChain.OmniscanAPI.csproj", "{6279D5A3-2A1C-4079-8422-3C221770096F}"
EndProject
Project("{9A19103F-16F7-4668-BE54-9A1E7A4F7556}") = "AtomicCore.BlockChain.OmniscanAPIUnitTest", "AtomicCore.BlockChain.OmniscanAPIUnitTest\AtomicCore.BlockChain.OmniscanAPIUnitTest.csproj", "{1EC73451-A0DC-42CE-8277-B965FD36DC6F}"
EndProject
Project("{9A19103F-16F7-4668-BE54-9A1E7A4F7556}") = "AtomicCore.BlockChain.ExplorerAPI", "AtomicCore.BlockChain.ExplorerAPI\AtomicCore.BlockChain.ExplorerAPI.csproj", "{97E18264-2835-4666-B802-319D01F9AC60}"
EndProject
Project("{9A19103F-16F7-4668-BE54-9A1E7A4F7556}") = "AtomicCore.BlockChain.ExplorerAPIUnitTest", "AtomicCore.BlockChain.ExplorerAPIUnitTest\AtomicCore.BlockChain.ExplorerAPIUnitTest.csproj", "{2902D0F1-1897-401C-BAD3-AC04DCEFD905}"
EndProject
Project("{9A19103F-16F7-4668-BE54-9A1E7A4F7556}") = "AtomicCore.BlockChain.BlockCypherAPI", "AtomicCore.BlockChain.BlockCypherAPI\AtomicCore.BlockChain.BlockCypherAPI.csproj", "{8800923B-2A16-4D92-809A-9B37C759321B}"
EndProject
Project("{9A19103F-16F7-4668-BE54-9A1E7A4F7556}") = "AtomicCore.BlockChain.BlockCypherAPIUnitTest", "AtomicCore.BlockChain.BlockCypherAPIUnitTest\AtomicCore.BlockChain.BlockCypherAPIUnitTest.csproj", "{9FB772E1-5FB5-4EDB-BAAA-D9025E2B7CD6}"
EndProject
Project("{9A19103F-16F7-4668-BE54-9A1E7A4F7556}") = "AtomicCore.BlockChain.BscscanAPI", "AtomicCore.BlockChain.BscscanAPI\AtomicCore.BlockChain.BscscanAPI.csproj", "{C26081AD-C830-4951-AA0B-093B17F81C97}"
EndProject
Project("{9A19103F-16F7-4668-BE54-9A1E7A4F7556}") = "AtomicCore.BlockChain.BscscanAPIUnitTest", "AtomicCore.BlockChain.BscscanAPIUnitTest\AtomicCore.BlockChain.BscscanAPIUnitTest.csproj", "{EF51876E-D82B-4900-B449-A4737520F9EF}"
EndProject
Project("{9A19103F-16F7-4668-BE54-9A1E7A4F7556}") = "AtomicCore.UnitTest", "AtomicCore.UnitTest\AtomicCore.UnitTest.csproj", "{A4E39AD1-20F3-4F64-AE16-6292D3852C9A}"
EndProject
Project("{9A19103F-16F7-4668-BE54-9A1E7A4F7556}") = "AtomicCore.Integration.ClickHouseDbProvider", "AtomicCore.Integration.ClickHouseDbProvider\AtomicCore.Integration.ClickHouseDbProvider.csproj", "{1AF9B2E8-8117-449B-8977-3B629CA9C0F1}"
EndProject
Project("{9A19103F-16F7-4668-BE54-9A1E7A4F7556}") = "AtomicCore.Integration.ClickHouseDbProviderUnitTest", "AtomicCore.Integration.ClickHouseDbProviderUnitTest\AtomicCore.Integration.ClickHouseDbProviderUnitTest.csproj", "{A6A136D4-7A5A-4526-871B-E11353C4B8E5}"
EndProject
Project("{2150E333-8FDC-42A3-9474-1A3956D46DE8}") = "Repository", "Repository", "{E249CB4A-8261-4D41-8FF4-E79BCC50DB95}"
EndProject
Project("{9A19103F-16F7-4668-BE54-9A1E7A4F7556}") = "AtomicCore.Repository.ClickHouse", "AtomicCore.Repository.ClickHouse\AtomicCore.Repository.ClickHouse.csproj", "{E563DF32-3712-4235-88B2-8DA976D99D1F}"
EndProject
Project("{FAE04EC0-301F-11D3-BF4B-00C04F79EFBC}") = "AtomicFK.Repository.ClickHouse", "AtomicFK.Repository.ClickHouse\AtomicFK.Repository.ClickHouse.csproj", "{E7D5ECF4-E253-4782-9649-2E8B4AC2CBE9}"
EndProject
Project("{2150E333-8FDC-42A3-9474-1A3956D46DE8}") = "Rocketmq", "Rocketmq", "{E4ABFAFE-A95F-4290-A845-D36318F93D44}"
EndProject
Project("{FAE04EC0-301F-11D3-BF4B-00C04F79EFBC}") = "AtomicCore.Rocketmq.Client", "AtomicCore.Rocketmq.Client\AtomicCore.Rocketmq.Client.csproj", "{EA8165CE-6420-4193-B8F0-0A7EAC2A8FA0}"
EndProject
Global
	GlobalSection(SolutionConfigurationPlatforms) = preSolution
		Debug|Any CPU = Debug|Any CPU
		Release|Any CPU = Release|Any CPU
	EndGlobalSection
	GlobalSection(ProjectConfigurationPlatforms) = postSolution
		{BBD9F726-4A9D-4525-8388-5211CCDDC0FE}.Debug|Any CPU.ActiveCfg = Debug|Any CPU
		{BBD9F726-4A9D-4525-8388-5211CCDDC0FE}.Debug|Any CPU.Build.0 = Debug|Any CPU
		{BBD9F726-4A9D-4525-8388-5211CCDDC0FE}.Release|Any CPU.ActiveCfg = Release|Any CPU
		{BBD9F726-4A9D-4525-8388-5211CCDDC0FE}.Release|Any CPU.Build.0 = Release|Any CPU
		{A46B9CFF-923B-467E-9A4A-9D4F51EBB43A}.Debug|Any CPU.ActiveCfg = Debug|Any CPU
		{A46B9CFF-923B-467E-9A4A-9D4F51EBB43A}.Debug|Any CPU.Build.0 = Debug|Any CPU
		{A46B9CFF-923B-467E-9A4A-9D4F51EBB43A}.Release|Any CPU.ActiveCfg = Release|Any CPU
		{A46B9CFF-923B-467E-9A4A-9D4F51EBB43A}.Release|Any CPU.Build.0 = Release|Any CPU
		{592B1E6E-3AD7-46DB-8CC1-9AE50A0CA5FE}.Debug|Any CPU.ActiveCfg = Debug|Any CPU
		{592B1E6E-3AD7-46DB-8CC1-9AE50A0CA5FE}.Debug|Any CPU.Build.0 = Debug|Any CPU
		{592B1E6E-3AD7-46DB-8CC1-9AE50A0CA5FE}.Release|Any CPU.ActiveCfg = Release|Any CPU
		{592B1E6E-3AD7-46DB-8CC1-9AE50A0CA5FE}.Release|Any CPU.Build.0 = Release|Any CPU
		{4908441D-3828-4B39-A499-9666CDA4361E}.Debug|Any CPU.ActiveCfg = Debug|Any CPU
		{4908441D-3828-4B39-A499-9666CDA4361E}.Debug|Any CPU.Build.0 = Debug|Any CPU
		{4908441D-3828-4B39-A499-9666CDA4361E}.Release|Any CPU.ActiveCfg = Release|Any CPU
		{4908441D-3828-4B39-A499-9666CDA4361E}.Release|Any CPU.Build.0 = Release|Any CPU
		{32D7DAD5-DB8E-4B3B-BC8A-B33C84ED4712}.Debug|Any CPU.ActiveCfg = Debug|Any CPU
		{32D7DAD5-DB8E-4B3B-BC8A-B33C84ED4712}.Debug|Any CPU.Build.0 = Debug|Any CPU
		{32D7DAD5-DB8E-4B3B-BC8A-B33C84ED4712}.Release|Any CPU.ActiveCfg = Release|Any CPU
		{32D7DAD5-DB8E-4B3B-BC8A-B33C84ED4712}.Release|Any CPU.Build.0 = Release|Any CPU
		{892D51D3-732B-44C9-8DA9-C7112F5369D7}.Debug|Any CPU.ActiveCfg = Debug|Any CPU
		{892D51D3-732B-44C9-8DA9-C7112F5369D7}.Debug|Any CPU.Build.0 = Debug|Any CPU
		{892D51D3-732B-44C9-8DA9-C7112F5369D7}.Release|Any CPU.ActiveCfg = Release|Any CPU
		{892D51D3-732B-44C9-8DA9-C7112F5369D7}.Release|Any CPU.Build.0 = Release|Any CPU
		{A67CAF65-F4F9-4437-877C-67F159717958}.Debug|Any CPU.ActiveCfg = Debug|Any CPU
		{A67CAF65-F4F9-4437-877C-67F159717958}.Debug|Any CPU.Build.0 = Debug|Any CPU
		{A67CAF65-F4F9-4437-877C-67F159717958}.Release|Any CPU.ActiveCfg = Release|Any CPU
		{A67CAF65-F4F9-4437-877C-67F159717958}.Release|Any CPU.Build.0 = Release|Any CPU
		{7E0D0781-69FB-41EC-856F-0A974A759513}.Debug|Any CPU.ActiveCfg = Debug|Any CPU
		{7E0D0781-69FB-41EC-856F-0A974A759513}.Debug|Any CPU.Build.0 = Debug|Any CPU
		{7E0D0781-69FB-41EC-856F-0A974A759513}.Release|Any CPU.ActiveCfg = Release|Any CPU
		{7E0D0781-69FB-41EC-856F-0A974A759513}.Release|Any CPU.Build.0 = Release|Any CPU
		{BB315B50-9773-48BE-98D3-003B43C2F489}.Debug|Any CPU.ActiveCfg = Debug|Any CPU
		{BB315B50-9773-48BE-98D3-003B43C2F489}.Debug|Any CPU.Build.0 = Debug|Any CPU
		{BB315B50-9773-48BE-98D3-003B43C2F489}.Release|Any CPU.ActiveCfg = Release|Any CPU
		{BB315B50-9773-48BE-98D3-003B43C2F489}.Release|Any CPU.Build.0 = Release|Any CPU
		{7BD0E343-D20F-4CE6-8A8D-1FA509435FDA}.Debug|Any CPU.ActiveCfg = Debug|Any CPU
		{7BD0E343-D20F-4CE6-8A8D-1FA509435FDA}.Debug|Any CPU.Build.0 = Debug|Any CPU
		{7BD0E343-D20F-4CE6-8A8D-1FA509435FDA}.Release|Any CPU.ActiveCfg = Release|Any CPU
		{7BD0E343-D20F-4CE6-8A8D-1FA509435FDA}.Release|Any CPU.Build.0 = Release|Any CPU
		{72D417A3-E669-4E4F-BB07-BC6329223E94}.Debug|Any CPU.ActiveCfg = Debug|Any CPU
		{72D417A3-E669-4E4F-BB07-BC6329223E94}.Debug|Any CPU.Build.0 = Debug|Any CPU
		{72D417A3-E669-4E4F-BB07-BC6329223E94}.Release|Any CPU.ActiveCfg = Release|Any CPU
		{72D417A3-E669-4E4F-BB07-BC6329223E94}.Release|Any CPU.Build.0 = Release|Any CPU
		{48646D4A-54F8-4FB3-9319-2B3AFA311E8E}.Debug|Any CPU.ActiveCfg = Debug|Any CPU
		{48646D4A-54F8-4FB3-9319-2B3AFA311E8E}.Debug|Any CPU.Build.0 = Debug|Any CPU
		{48646D4A-54F8-4FB3-9319-2B3AFA311E8E}.Release|Any CPU.ActiveCfg = Release|Any CPU
		{48646D4A-54F8-4FB3-9319-2B3AFA311E8E}.Release|Any CPU.Build.0 = Release|Any CPU
		{8696237D-FAA0-44FF-A424-A57DC80447B1}.Debug|Any CPU.ActiveCfg = Debug|Any CPU
		{8696237D-FAA0-44FF-A424-A57DC80447B1}.Debug|Any CPU.Build.0 = Debug|Any CPU
		{8696237D-FAA0-44FF-A424-A57DC80447B1}.Release|Any CPU.ActiveCfg = Release|Any CPU
		{8696237D-FAA0-44FF-A424-A57DC80447B1}.Release|Any CPU.Build.0 = Release|Any CPU
		{64F31BE3-366A-42F2-813F-FD37BB75DCD5}.Debug|Any CPU.ActiveCfg = Debug|Any CPU
		{64F31BE3-366A-42F2-813F-FD37BB75DCD5}.Debug|Any CPU.Build.0 = Debug|Any CPU
		{64F31BE3-366A-42F2-813F-FD37BB75DCD5}.Release|Any CPU.ActiveCfg = Release|Any CPU
		{64F31BE3-366A-42F2-813F-FD37BB75DCD5}.Release|Any CPU.Build.0 = Release|Any CPU
		{D733B8A6-6BFC-4C98-9C1E-9811C03784AD}.Debug|Any CPU.ActiveCfg = Debug|Any CPU
		{D733B8A6-6BFC-4C98-9C1E-9811C03784AD}.Debug|Any CPU.Build.0 = Debug|Any CPU
		{D733B8A6-6BFC-4C98-9C1E-9811C03784AD}.Release|Any CPU.ActiveCfg = Release|Any CPU
		{D733B8A6-6BFC-4C98-9C1E-9811C03784AD}.Release|Any CPU.Build.0 = Release|Any CPU
		{E55EC706-1FF0-4BB1-9D78-8D997BE8DF88}.Debug|Any CPU.ActiveCfg = Debug|Any CPU
		{E55EC706-1FF0-4BB1-9D78-8D997BE8DF88}.Debug|Any CPU.Build.0 = Debug|Any CPU
		{E55EC706-1FF0-4BB1-9D78-8D997BE8DF88}.Release|Any CPU.ActiveCfg = Release|Any CPU
		{E55EC706-1FF0-4BB1-9D78-8D997BE8DF88}.Release|Any CPU.Build.0 = Release|Any CPU
		{5F5566E7-3160-437C-9C56-C0AD4907F320}.Debug|Any CPU.ActiveCfg = Debug|Any CPU
		{5F5566E7-3160-437C-9C56-C0AD4907F320}.Debug|Any CPU.Build.0 = Debug|Any CPU
		{5F5566E7-3160-437C-9C56-C0AD4907F320}.Release|Any CPU.ActiveCfg = Release|Any CPU
		{5F5566E7-3160-437C-9C56-C0AD4907F320}.Release|Any CPU.Build.0 = Release|Any CPU
		{6279D5A3-2A1C-4079-8422-3C221770096F}.Debug|Any CPU.ActiveCfg = Debug|Any CPU
		{6279D5A3-2A1C-4079-8422-3C221770096F}.Debug|Any CPU.Build.0 = Debug|Any CPU
		{6279D5A3-2A1C-4079-8422-3C221770096F}.Release|Any CPU.ActiveCfg = Release|Any CPU
		{6279D5A3-2A1C-4079-8422-3C221770096F}.Release|Any CPU.Build.0 = Release|Any CPU
		{1EC73451-A0DC-42CE-8277-B965FD36DC6F}.Debug|Any CPU.ActiveCfg = Debug|Any CPU
		{1EC73451-A0DC-42CE-8277-B965FD36DC6F}.Debug|Any CPU.Build.0 = Debug|Any CPU
		{1EC73451-A0DC-42CE-8277-B965FD36DC6F}.Release|Any CPU.ActiveCfg = Release|Any CPU
		{1EC73451-A0DC-42CE-8277-B965FD36DC6F}.Release|Any CPU.Build.0 = Release|Any CPU
		{97E18264-2835-4666-B802-319D01F9AC60}.Debug|Any CPU.ActiveCfg = Debug|Any CPU
		{97E18264-2835-4666-B802-319D01F9AC60}.Debug|Any CPU.Build.0 = Debug|Any CPU
		{97E18264-2835-4666-B802-319D01F9AC60}.Release|Any CPU.ActiveCfg = Release|Any CPU
		{97E18264-2835-4666-B802-319D01F9AC60}.Release|Any CPU.Build.0 = Release|Any CPU
		{2902D0F1-1897-401C-BAD3-AC04DCEFD905}.Debug|Any CPU.ActiveCfg = Debug|Any CPU
		{2902D0F1-1897-401C-BAD3-AC04DCEFD905}.Debug|Any CPU.Build.0 = Debug|Any CPU
		{2902D0F1-1897-401C-BAD3-AC04DCEFD905}.Release|Any CPU.ActiveCfg = Release|Any CPU
		{2902D0F1-1897-401C-BAD3-AC04DCEFD905}.Release|Any CPU.Build.0 = Release|Any CPU
		{8800923B-2A16-4D92-809A-9B37C759321B}.Debug|Any CPU.ActiveCfg = Debug|Any CPU
		{8800923B-2A16-4D92-809A-9B37C759321B}.Debug|Any CPU.Build.0 = Debug|Any CPU
		{8800923B-2A16-4D92-809A-9B37C759321B}.Release|Any CPU.ActiveCfg = Release|Any CPU
		{8800923B-2A16-4D92-809A-9B37C759321B}.Release|Any CPU.Build.0 = Release|Any CPU
		{9FB772E1-5FB5-4EDB-BAAA-D9025E2B7CD6}.Debug|Any CPU.ActiveCfg = Debug|Any CPU
		{9FB772E1-5FB5-4EDB-BAAA-D9025E2B7CD6}.Debug|Any CPU.Build.0 = Debug|Any CPU
		{9FB772E1-5FB5-4EDB-BAAA-D9025E2B7CD6}.Release|Any CPU.ActiveCfg = Release|Any CPU
		{9FB772E1-5FB5-4EDB-BAAA-D9025E2B7CD6}.Release|Any CPU.Build.0 = Release|Any CPU
		{C26081AD-C830-4951-AA0B-093B17F81C97}.Debug|Any CPU.ActiveCfg = Debug|Any CPU
		{C26081AD-C830-4951-AA0B-093B17F81C97}.Debug|Any CPU.Build.0 = Debug|Any CPU
		{C26081AD-C830-4951-AA0B-093B17F81C97}.Release|Any CPU.ActiveCfg = Release|Any CPU
		{C26081AD-C830-4951-AA0B-093B17F81C97}.Release|Any CPU.Build.0 = Release|Any CPU
		{EF51876E-D82B-4900-B449-A4737520F9EF}.Debug|Any CPU.ActiveCfg = Debug|Any CPU
		{EF51876E-D82B-4900-B449-A4737520F9EF}.Debug|Any CPU.Build.0 = Debug|Any CPU
		{EF51876E-D82B-4900-B449-A4737520F9EF}.Release|Any CPU.ActiveCfg = Release|Any CPU
		{EF51876E-D82B-4900-B449-A4737520F9EF}.Release|Any CPU.Build.0 = Release|Any CPU
		{A4E39AD1-20F3-4F64-AE16-6292D3852C9A}.Debug|Any CPU.ActiveCfg = Debug|Any CPU
		{A4E39AD1-20F3-4F64-AE16-6292D3852C9A}.Debug|Any CPU.Build.0 = Debug|Any CPU
		{A4E39AD1-20F3-4F64-AE16-6292D3852C9A}.Release|Any CPU.ActiveCfg = Release|Any CPU
		{A4E39AD1-20F3-4F64-AE16-6292D3852C9A}.Release|Any CPU.Build.0 = Release|Any CPU
		{1AF9B2E8-8117-449B-8977-3B629CA9C0F1}.Debug|Any CPU.ActiveCfg = Debug|Any CPU
		{1AF9B2E8-8117-449B-8977-3B629CA9C0F1}.Debug|Any CPU.Build.0 = Debug|Any CPU
		{1AF9B2E8-8117-449B-8977-3B629CA9C0F1}.Release|Any CPU.ActiveCfg = Release|Any CPU
		{1AF9B2E8-8117-449B-8977-3B629CA9C0F1}.Release|Any CPU.Build.0 = Release|Any CPU
		{A6A136D4-7A5A-4526-871B-E11353C4B8E5}.Debug|Any CPU.ActiveCfg = Debug|Any CPU
		{A6A136D4-7A5A-4526-871B-E11353C4B8E5}.Debug|Any CPU.Build.0 = Debug|Any CPU
		{A6A136D4-7A5A-4526-871B-E11353C4B8E5}.Release|Any CPU.ActiveCfg = Release|Any CPU
		{A6A136D4-7A5A-4526-871B-E11353C4B8E5}.Release|Any CPU.Build.0 = Release|Any CPU
		{E563DF32-3712-4235-88B2-8DA976D99D1F}.Debug|Any CPU.ActiveCfg = Debug|Any CPU
		{E563DF32-3712-4235-88B2-8DA976D99D1F}.Debug|Any CPU.Build.0 = Debug|Any CPU
		{E563DF32-3712-4235-88B2-8DA976D99D1F}.Release|Any CPU.ActiveCfg = Release|Any CPU
		{E563DF32-3712-4235-88B2-8DA976D99D1F}.Release|Any CPU.Build.0 = Release|Any CPU
		{E7D5ECF4-E253-4782-9649-2E8B4AC2CBE9}.Debug|Any CPU.ActiveCfg = Debug|Any CPU
		{E7D5ECF4-E253-4782-9649-2E8B4AC2CBE9}.Debug|Any CPU.Build.0 = Debug|Any CPU
		{E7D5ECF4-E253-4782-9649-2E8B4AC2CBE9}.Release|Any CPU.ActiveCfg = Release|Any CPU
		{E7D5ECF4-E253-4782-9649-2E8B4AC2CBE9}.Release|Any CPU.Build.0 = Release|Any CPU
		{EA8165CE-6420-4193-B8F0-0A7EAC2A8FA0}.Debug|Any CPU.ActiveCfg = Debug|Any CPU
		{EA8165CE-6420-4193-B8F0-0A7EAC2A8FA0}.Debug|Any CPU.Build.0 = Debug|Any CPU
		{EA8165CE-6420-4193-B8F0-0A7EAC2A8FA0}.Release|Any CPU.ActiveCfg = Release|Any CPU
		{EA8165CE-6420-4193-B8F0-0A7EAC2A8FA0}.Release|Any CPU.Build.0 = Release|Any CPU
	EndGlobalSection
	GlobalSection(SolutionProperties) = preSolution
		HideSolutionNode = FALSE
	EndGlobalSection
	GlobalSection(NestedProjects) = preSolution
		{BBD9F726-4A9D-4525-8388-5211CCDDC0FE} = {AC8D0699-48E5-484C-A64D-052945EFC20F}
		{A46B9CFF-923B-467E-9A4A-9D4F51EBB43A} = {AC8D0699-48E5-484C-A64D-052945EFC20F}
		{592B1E6E-3AD7-46DB-8CC1-9AE50A0CA5FE} = {35F57B42-FA48-4D50-8B93-C0C49BA67BD2}
		{4908441D-3828-4B39-A499-9666CDA4361E} = {AC8D0699-48E5-484C-A64D-052945EFC20F}
		{32D7DAD5-DB8E-4B3B-BC8A-B33C84ED4712} = {35F57B42-FA48-4D50-8B93-C0C49BA67BD2}
		{892D51D3-732B-44C9-8DA9-C7112F5369D7} = {2B525525-AA5C-4B1E-961A-EB384AC512D3}
		{A67CAF65-F4F9-4437-877C-67F159717958} = {2B525525-AA5C-4B1E-961A-EB384AC512D3}
		{7E0D0781-69FB-41EC-856F-0A974A759513} = {35F57B42-FA48-4D50-8B93-C0C49BA67BD2}
		{BB315B50-9773-48BE-98D3-003B43C2F489} = {A47AB5F1-C4C7-401E-AD2D-A43B83EE2221}
		{7BD0E343-D20F-4CE6-8A8D-1FA509435FDA} = {5E75EB7D-DC21-47DF-9299-5D0F653D87C2}
		{72D417A3-E669-4E4F-BB07-BC6329223E94} = {35F57B42-FA48-4D50-8B93-C0C49BA67BD2}
		{48646D4A-54F8-4FB3-9319-2B3AFA311E8E} = {5E75EB7D-DC21-47DF-9299-5D0F653D87C2}
		{8696237D-FAA0-44FF-A424-A57DC80447B1} = {35F57B42-FA48-4D50-8B93-C0C49BA67BD2}
		{64F31BE3-366A-42F2-813F-FD37BB75DCD5} = {5E75EB7D-DC21-47DF-9299-5D0F653D87C2}
		{D733B8A6-6BFC-4C98-9C1E-9811C03784AD} = {35F57B42-FA48-4D50-8B93-C0C49BA67BD2}
		{E55EC706-1FF0-4BB1-9D78-8D997BE8DF88} = {5E75EB7D-DC21-47DF-9299-5D0F653D87C2}
		{5F5566E7-3160-437C-9C56-C0AD4907F320} = {35F57B42-FA48-4D50-8B93-C0C49BA67BD2}
		{6279D5A3-2A1C-4079-8422-3C221770096F} = {5E75EB7D-DC21-47DF-9299-5D0F653D87C2}
		{1EC73451-A0DC-42CE-8277-B965FD36DC6F} = {35F57B42-FA48-4D50-8B93-C0C49BA67BD2}
		{97E18264-2835-4666-B802-319D01F9AC60} = {5E75EB7D-DC21-47DF-9299-5D0F653D87C2}
		{2902D0F1-1897-401C-BAD3-AC04DCEFD905} = {35F57B42-FA48-4D50-8B93-C0C49BA67BD2}
		{8800923B-2A16-4D92-809A-9B37C759321B} = {5E75EB7D-DC21-47DF-9299-5D0F653D87C2}
		{9FB772E1-5FB5-4EDB-BAAA-D9025E2B7CD6} = {35F57B42-FA48-4D50-8B93-C0C49BA67BD2}
		{C26081AD-C830-4951-AA0B-093B17F81C97} = {5E75EB7D-DC21-47DF-9299-5D0F653D87C2}
		{EF51876E-D82B-4900-B449-A4737520F9EF} = {35F57B42-FA48-4D50-8B93-C0C49BA67BD2}
		{A4E39AD1-20F3-4F64-AE16-6292D3852C9A} = {35F57B42-FA48-4D50-8B93-C0C49BA67BD2}
		{1AF9B2E8-8117-449B-8977-3B629CA9C0F1} = {AC8D0699-48E5-484C-A64D-052945EFC20F}
		{A6A136D4-7A5A-4526-871B-E11353C4B8E5} = {35F57B42-FA48-4D50-8B93-C0C49BA67BD2}
		{E563DF32-3712-4235-88B2-8DA976D99D1F} = {E249CB4A-8261-4D41-8FF4-E79BCC50DB95}
		{E7D5ECF4-E253-4782-9649-2E8B4AC2CBE9} = {E249CB4A-8261-4D41-8FF4-E79BCC50DB95}
		{EA8165CE-6420-4193-B8F0-0A7EAC2A8FA0} = {E4ABFAFE-A95F-4290-A845-D36318F93D44}
	EndGlobalSection
	GlobalSection(ExtensibilityGlobals) = postSolution
		SolutionGuid = {942DB662-B41D-4454-8FF9-2F118FA2B541}
	EndGlobalSection
EndGlobal
